
Microsoft Visual Studio Solution File, Format Version 12.00
# Visual Studio Version 18
VisualStudioVersion = 18.1.11312.151 d18.0
MinimumVisualStudioVersion = 10.0.40219.1
Project("{FAE04EC0-301F-11D3-BF4B-00C04F79EFBC}") = "ImpostoreGame", "ImpostoreGame.csproj", "{AEA8ED7C-8460-CB3D-853E-59A58ECDE69E}"
EndProject
Global
	GlobalSection(SolutionConfigurationPlatforms) = preSolution
		Debug|Any CPU = Debug|Any CPU
		Release|Any CPU = Release|Any CPU
	EndGlobalSection
	GlobalSection(ProjectConfigurationPlatforms) = postSolution
		{AEA8ED7C-8460-CB3D-853E-59A58ECDE69E}.Debug|Any CPU.ActiveCfg = Debug|Any CPU
		{AEA8ED7C-8460-CB3D-853E-59A58ECDE69E}.Debug|Any CPU.Build.0 = Debug|Any CPU
		{AEA8ED7C-8460-CB3D-853E-59A58ECDE69E}.Release|Any CPU.ActiveCfg = Release|Any CPU
		{AEA8ED7C-8460-CB3D-853E-59A58ECDE69E}.Release|Any CPU.Build.0 = Release|Any CPU
	EndGlobalSection
	GlobalSection(SolutionProperties) = preSolution
		HideSolutionNode = FALSE
	EndGlobalSection
	GlobalSection(ExtensibilityGlobals) = postSolution
		SolutionGuid = {4BBDE3A9-6707-4947-8060-E3E6E4041195}
	EndGlobalSection
EndGlobal
